
Microsoft Visual Studio Solution File, Format Version 12.00
# Visual Studio Version 17
VisualStudioVersion = 17.7.34031.279
MinimumVisualStudioVersion = 10.0.40219.1
Project("{FAE04EC0-301F-11D3-BF4B-00C04F79EFBC}") = "OOP_L2_WinButtonNum", "OOP_L2_WinButtonNum\OOP_L2_WinButtonNum.csproj", "{19B16C41-84DF-4119-BFF9-4596767FA5CC}"
EndProject
Global
	GlobalSection(SolutionConfigurationPlatforms) = preSolution
		Debug|Any CPU = Debug|Any CPU
		Release|Any CPU = Release|Any CPU
	EndGlobalSection
	GlobalSection(ProjectConfigurationPlatforms) = postSolution
		{19B16C41-84DF-4119-BFF9-4596767FA5CC}.Debug|Any CPU.ActiveCfg = Debug|Any CPU
		{19B16C41-84DF-4119-BFF9-4596767FA5CC}.Debug|Any CPU.Build.0 = Debug|Any CPU
		{19B16C41-84DF-4119-BFF9-4596767FA5CC}.Release|Any CPU.ActiveCfg = Release|Any CPU
		{19B16C41-84DF-4119-BFF9-4596767FA5CC}.Release|Any CPU.Build.0 = Release|Any CPU
	EndGlobalSection
	GlobalSection(SolutionProperties) = preSolution
		HideSolutionNode = FALSE
	EndGlobalSection
	GlobalSection(ExtensibilityGlobals) = postSolution
		SolutionGuid = {FDB0BDBE-AD89-40B3-8F87-26E29EE64126}
	EndGlobalSection
EndGlobal
